
Microsoft Visual Studio Solution File, Format Version 12.00
# Visual Studio Version 16
VisualStudioVersion = 16.0.31321.278
MinimumVisualStudioVersion = 10.0.40219.1
Project("{FAE04EC0-301F-11D3-BF4B-00C04F79EFBC}") = "mantis-tests", "mantis-tests.csproj", "{314767D7-46D5-440E-8F29-36784869AD0B}"
EndProject
Global
	GlobalSection(SolutionConfigurationPlatforms) = preSolution
		Debug|Any CPU = Debug|Any CPU
		Release|Any CPU = Release|Any CPU
	EndGlobalSection
	GlobalSection(ProjectConfigurationPlatforms) = postSolution
		{314767D7-46D5-440E-8F29-36784869AD0B}.Debug|Any CPU.ActiveCfg = Debug|Any CPU
		{314767D7-46D5-440E-8F29-36784869AD0B}.Debug|Any CPU.Build.0 = Debug|Any CPU
		{314767D7-46D5-440E-8F29-36784869AD0B}.Release|Any CPU.ActiveCfg = Release|Any CPU
		{314767D7-46D5-440E-8F29-36784869AD0B}.Release|Any CPU.Build.0 = Release|Any CPU
	EndGlobalSection
	GlobalSection(SolutionProperties) = preSolution
		HideSolutionNode = FALSE
	EndGlobalSection
	GlobalSection(ExtensibilityGlobals) = postSolution
		SolutionGuid = {8FB652BD-4B52-4D91-8779-95877AFC6926}
	EndGlobalSection
EndGlobal
